// !$*UTF8*$!
{
	archiveVersion = 1;
	classes = {
	};
	objectVersion = 55;
	objects = {

/* Begin PBXBuildFile section */
		923087112778A2940059FF69 /* AppDelegate.swift in Sources */ = {isa = PBXBuildFile; fileRef = 923087102778A2940059FF69 /* AppDelegate.swift */; };
		923087132778A2940059FF69 /* SceneDelegate.swift in Sources */ = {isa = PBXBuildFile; fileRef = 923087122778A2940059FF69 /* SceneDelegate.swift */; };
		923087152778A2940059FF69 /* ViewController.swift in Sources */ = {isa = PBXBuildFile; fileRef = 923087142778A2940059FF69 /* ViewController.swift */; };
		923087182778A2950059FF69 /* Main.storyboard in Resources */ = {isa = PBXBuildFile; fileRef = 923087162778A2950059FF69 /* Main.storyboard */; };
		9230871A2778A2960059FF69 /* Assets.xcassets in Resources */ = {isa = PBXBuildFile; fileRef = 923087192778A2960059FF69 /* Assets.xcassets */; };
		9230871D2778A2960059FF69 /* LaunchScreen.storyboard in Resources */ = {isa = PBXBuildFile; fileRef = 9230871B2778A2960059FF69 /* LaunchScreen.storyboard */; };
		923087282779DA320059FF69 /* AnswerTVC.swift in Sources */ = {isa = PBXBuildFile; fileRef = 923087272779DA320059FF69 /* AnswerTVC.swift */; };
		9230872C2779DA530059FF69 /* TendencyDataModel.swift in Sources */ = {isa = PBXBuildFile; fileRef = 9230872B2779DA530059FF69 /* TendencyDataModel.swift */; };
		9230872F2779E1320059FF69 /* QuestionTVC.swift in Sources */ = {isa = PBXBuildFile; fileRef = 9230872E2779E1320059FF69 /* QuestionTVC.swift */; };
/* End PBXBuildFile section */

/* Begin PBXFileReference section */
		9230870D2778A2940059FF69 /* TendencyTest.app */ = {isa = PBXFileReference; explicitFileType = wrapper.application; includeInIndex = 0; path = TendencyTest.app; sourceTree = BUILT_PRODUCTS_DIR; };
		923087102778A2940059FF69 /* AppDelegate.swift */ = {isa = PBXFileReference; lastKnownFileType = sourcecode.swift; path = AppDelegate.swift; sourceTree = "<group>"; };
		923087122778A2940059FF69 /* SceneDelegate.swift */ = {isa = PBXFileReference; lastKnownFileType = sourcecode.swift; path = SceneDelegate.swift; sourceTree = "<group>"; };
		923087142778A2940059FF69 /* ViewController.swift */ = {isa = PBXFileReference; lastKnownFileType = sourcecode.swift; path = ViewController.swift; sourceTree = "<group>"; };
		923087172778A2950059FF69 /* Base */ = {isa = PBXFileReference; lastKnownFileType = file.storyboard; name = Base; path = Base.lproj/Main.storyboard; sourceTree = "<group>"; };
		923087192778A2960059FF69 /* Assets.xcassets */ = {isa = PBXFileReference; lastKnownFileType = folder.assetcatalog; path = Assets.xcassets; sourceTree = "<group>"; };
		9230871C2778A2960059FF69 /* Base */ = {isa = PBXFileReference; lastKnownFileType = file.storyboard; name = Base; path = Base.lproj/LaunchScreen.storyboard; sourceTree = "<group>"; };
		9230871E2778A2960059FF69 /* Info.plist */ = {isa = PBXFileReference; lastKnownFileType = text.plist.xml; path = Info.plist; sourceTree = "<group>"; };
		923087272779DA320059FF69 /* AnswerTVC.swift */ = {isa = PBXFileReference; lastKnownFileType = sourcecode.swift; path = AnswerTVC.swift; sourceTree = "<group>"; };
		9230872B2779DA530059FF69 /* TendencyDataModel.swift */ = {isa = PBXFileReference; lastKnownFileType = sourcecode.swift; path = TendencyDataModel.swift; sourceTree = "<group>"; };
		9230872E2779E1320059FF69 /* QuestionTVC.swift */ = {isa = PBXFileReference; lastKnownFileType = sourcecode.swift; path = QuestionTVC.swift; sourceTree = "<group>"; };
/* End PBXFileReference section */

/* Begin PBXFrameworksBuildPhase section */
		9230870A2778A2940059FF69 /* Frameworks */ = {
			isa = PBXFrameworksBuildPhase;
			buildActionMask = 2147483647;
			files = (
			);
			runOnlyForDeploymentPostprocessing = 0;
		};
/* End PBXFrameworksBuildPhase section */

/* Begin PBXGroup section */
		923087042778A2940059FF69 = {
			isa = PBXGroup;
			children = (
				9230870F2778A2940059FF69 /* TendencyTest */,
				9230870E2778A2940059FF69 /* Products */,
			);
			sourceTree = "<group>";
		};
		9230870E2778A2940059FF69 /* Products */ = {
			isa = PBXGroup;
			children = (
				9230870D2778A2940059FF69 /* TendencyTest.app */,
			);
			name = Products;
			sourceTree = "<group>";
		};
		9230870F2778A2940059FF69 /* TendencyTest */ = {
			isa = PBXGroup;
			children = (
				9230871E2778A2960059FF69 /* Info.plist */,
				923087242779D8D20059FF69 /* App */,
				923087252779D8DD0059FF69 /* Resources */,
				923087262779D8E90059FF69 /* Sources */,
			);
			path = TendencyTest;
			sourceTree = "<group>";
		};
		923087242779D8D20059FF69 /* App */ = {
			isa = PBXGroup;
			children = (
				923087102778A2940059FF69 /* AppDelegate.swift */,
				923087122778A2940059FF69 /* SceneDelegate.swift */,
			);
			path = App;
			sourceTree = "<group>";
		};
		923087252779D8DD0059FF69 /* Resources */ = {
			isa = PBXGroup;
			children = (
				923087162778A2950059FF69 /* Main.storyboard */,
				923087192778A2960059FF69 /* Assets.xcassets */,
				9230871B2778A2960059FF69 /* LaunchScreen.storyboard */,
			);
			path = Resources;
			sourceTree = "<group>";
		};
		923087262779D8E90059FF69 /* Sources */ = {
			isa = PBXGroup;
			children = (
				9230872D2779DB530059FF69 /* Controllers */,
				9230872A2779DA3C0059FF69 /* Models */,
				923087292779DA360059FF69 /* Cells */,
			);
			path = Sources;
			sourceTree = "<group>";
		};
		923087292779DA360059FF69 /* Cells */ = {
			isa = PBXGroup;
			children = (
				923087272779DA320059FF69 /* AnswerTVC.swift */,
				9230872E2779E1320059FF69 /* QuestionTVC.swift */,
			);
			path = Cells;
			sourceTree = "<group>";
		};
		9230872A2779DA3C0059FF69 /* Models */ = {
			isa = PBXGroup;
			children = (
				9230872B2779DA530059FF69 /* TendencyDataModel.swift */,
			);
			path = Models;
			sourceTree = "<group>";
		};
		9230872D2779DB530059FF69 /* Controllers */ = {
			isa = PBXGroup;
			children = (
				923087142778A2940059FF69 /* ViewController.swift */,
			);
			path = Controllers;
			sourceTree = "<group>";
		};
/* End PBXGroup section */

/* Begin PBXNativeTarget section */
		9230870C2778A2940059FF69 /* TendencyTest */ = {
			isa = PBXNativeTarget;
			buildConfigurationList = 923087212778A2960059FF69 /* Build configuration list for PBXNativeTarget "TendencyTest" */;
			buildPhases = (
				923087092778A2940059FF69 /* Sources */,
				9230870A2778A2940059FF69 /* Frameworks */,
				9230870B2778A2940059FF69 /* Resources */,
			);
			buildRules = (
			);
			dependencies = (
			);
			name = TendencyTest;
			productName = TendencyTest;
			productReference = 9230870D2778A2940059FF69 /* TendencyTest.app */;
			productType = "com.apple.product-type.application";
		};
/* End PBXNativeTarget section */

/* Begin PBXProject section */
		923087052778A2940059FF69 /* Project object */ = {
			isa = PBXProject;
			attributes = {
				BuildIndependentTargetsInParallel = 1;
				LastSwiftUpdateCheck = 1320;
				LastUpgradeCheck = 1320;
				TargetAttributes = {
					9230870C2778A2940059FF69 = {
						CreatedOnToolsVersion = 13.2.1;
					};
				};
			};
			buildConfigurationList = 923087082778A2940059FF69 /* Build configuration list for PBXProject "TendencyTest" */;
			compatibilityVersion = "Xcode 13.0";
			developmentRegion = en;
			hasScannedForEncodings = 0;
			knownRegions = (
				en,
				Base,
			);
			mainGroup = 923087042778A2940059FF69;
			productRefGroup = 9230870E2778A2940059FF69 /* Products */;
			projectDirPath = "";
			projectRoot = "";
			targets = (
				9230870C2778A2940059FF69 /* TendencyTest */,
			);
		};
/* End PBXProject section */

/* Begin PBXResourcesBuildPhase section */
		9230870B2778A2940059FF69 /* Resources */ = {
			isa = PBXResourcesBuildPhase;
			buildActionMask = 2147483647;
			files = (
				9230871D2778A2960059FF69 /* LaunchScreen.storyboard in Resources */,
				9230871A2778A2960059FF69 /* Assets.xcassets in Resources */,
				923087182778A2950059FF69 /* Main.storyboard in Resources */,
			);
			runOnlyForDeploymentPostprocessing = 0;
		};
/* End PBXResourcesBuildPhase section */

/* Begin PBXSourcesBuildPhase section */
		923087092778A2940059FF69 /* Sources */ = {
			isa = PBXSourcesBuildPhase;
			buildActionMask = 2147483647;
			files = (
				923087152778A2940059FF69 /* ViewController.swift in Sources */,
				9230872F2779E1320059FF69 /* QuestionTVC.swift in Sources */,
				923087112778A2940059FF69 /* AppDelegate.swift in Sources */,
				9230872C2779DA530059FF69 /* TendencyDataModel.swift in Sources */,
				923087132778A2940059FF69 /* SceneDelegate.swift in Sources */,
				923087282779DA320059FF69 /* AnswerTVC.swift in Sources */,
			);
			runOnlyForDeploymentPostprocessing = 0;
		};
/* End PBXSourcesBuildPhase section */

/* Begin PBXVariantGroup section */
		923087162778A2950059FF69 /* Main.storyboard */ = {
			isa = PBXVariantGroup;
			children = (
				923087172778A2950059FF69 /* Base */,
			);
			name = Main.storyboard;
			sourceTree = "<group>";
		};
		9230871B2778A2960059FF69 /* LaunchScreen.storyboard */ = {
			isa = PBXVariantGroup;
			children = (
				9230871C2778A2960059FF69 /* Base */,
			);
			name = LaunchScreen.storyboard;
			sourceTree = "<group>";
		};
/* End PBXVariantGroup section */

/* Begin XCBuildConfiguration section */
		9230871F2778A2960059FF69 /* Debug */ = {
			isa = XCBuildConfiguration;
			buildSettings = {
				ALWAYS_SEARCH_USER_PATHS = NO;
				CLANG_ANALYZER_NONNULL = YES;
				CLANG_ANALYZER_NUMBER_OBJECT_CONVERSION = YES_AGGRESSIVE;
				CLANG_CXX_LANGUAGE_STANDARD = "gnu++17";
				CLANG_CXX_LIBRARY = "libc++";
				CLANG_ENABLE_MODULES = YES;
				CLANG_ENABLE_OBJC_ARC = YES;
				CLANG_ENABLE_OBJC_WEAK = YES;
				CLANG_WARN_BLOCK_CAPTURE_AUTORELEASING = YES;
				CLANG_WARN_BOOL_CONVERSION = YES;
				CLANG_WARN_COMMA = YES;
				CLANG_WARN_CONSTANT_CONVERSION = YES;
				CLANG_WARN_DEPRECATED_OBJC_IMPLEMENTATIONS = YES;
				CLANG_WARN_DIRECT_OBJC_ISA_USAGE = YES_ERROR;
				CLANG_WARN_DOCUMENTATION_COMMENTS = YES;
				CLANG_WARN_EMPTY_BODY = YES;
				CLANG_WARN_ENUM_CONVERSION = YES;
				CLANG_WARN_INFINITE_RECURSION = YES;
				CLANG_WARN_INT_CONVERSION = YES;
				CLANG_WARN_NON_LITERAL_NULL_CONVERSION = YES;
				CLANG_WARN_OBJC_IMPLICIT_RETAIN_SELF = YES;
				CLANG_WARN_OBJC_LITERAL_CONVERSION = YES;
				CLANG_WARN_OBJC_ROOT_CLASS = YES_ERROR;
				CLANG_WARN_QUOTED_INCLUDE_IN_FRAMEWORK_HEADER = YES;
				CLANG_WARN_RANGE_LOOP_ANALYSIS = YES;
				CLANG_WARN_STRICT_PROTOTYPES = YES;
				CLANG_WARN_SUSPICIOUS_MOVE = YES;
				CLANG_WARN_UNGUARDED_AVAILABILITY = YES_AGGRESSIVE;
				CLANG_WARN_UNREACHABLE_CODE = YES;
				CLANG_WARN__DUPLICATE_METHOD_MATCH = YES;
				COPY_PHASE_STRIP = NO;
				DEBUG_INFORMATION_FORMAT = dwarf;
				ENABLE_STRICT_OBJC_MSGSEND = YES;
				ENABLE_TESTABILITY = YES;
				GCC_C_LANGUAGE_STANDARD = gnu11;
				GCC_DYNAMIC_NO_PIC = NO;
				GCC_NO_COMMON_BLOCKS = YES;
				GCC_OPTIMIZATION_LEVEL = 0;
				GCC_PREPROCESSOR_DEFINITIONS = (
					"DEBUG=1",
					"$(inherited)",
				);
				GCC_WARN_64_TO_32_BIT_CONVERSION = YES;
				GCC_WARN_ABOUT_RETURN_TYPE = YES_ERROR;
				GCC_WARN_UNDECLARED_SELECTOR = YES;
				GCC_WARN_UNINITIALIZED_AUTOS = YES_AGGRESSIVE;
				GCC_WARN_UNUSED_FUNCTION = YES;
				GCC_WARN_UNUSED_VARIABLE = YES;
				IPHONEOS_DEPLOYMENT_TARGET = 15.2;
				MTL_ENABLE_DEBUG_INFO = INCLUDE_SOURCE;
				MTL_FAST_MATH = YES;
				ONLY_ACTIVE_ARCH = YES;
				SDKROOT = iphoneos;
				SWIFT_ACTIVE_COMPILATION_CONDITIONS = DEBUG;
				SWIFT_OPTIMIZATION_LEVEL = "-Onone";
			};
			name = Debug;
		};
		923087202778A2960059FF69 /* Release */ = {
			isa = XCBuildConfiguration;
			buildSettings = {
				ALWAYS_SEARCH_USER_PATHS = NO;
				CLANG_ANALYZER_NONNULL = YES;
				CLANG_ANALYZER_NUMBER_OBJECT_CONVERSION = YES_AGGRESSIVE;
				CLANG_CXX_LANGUAGE_STANDARD = "gnu++17";
				CLANG_CXX_LIBRARY = "libc++";
				CLANG_ENABLE_MODULES = YES;
				CLANG_ENABLE_OBJC_ARC = YES;
				CLANG_ENABLE_OBJC_WEAK = YES;
				CLANG_WARN_BLOCK_CAPTURE_AUTORELEASING = YES;
				CLANG_WARN_BOOL_CONVERSION = YES;
				CLANG_WARN_COMMA = YES;
				CLANG_WARN_CONSTANT_CONVERSION = YES;
				CLANG_WARN_DEPRECATED_OBJC_IMPLEMENTATIONS = YES;
				CLANG_WARN_DIRECT_OBJC_ISA_USAGE = YES_ERROR;
				CLANG_WARN_DOCUMENTATION_COMMENTS = YES;
				CLANG_WARN_EMPTY_BODY = YES;
				CLANG_WARN_ENUM_CONVERSION = YES;
				CLANG_WARN_INFINITE_RECURSION = YES;
				CLANG_WARN_INT_CONVERSION = YES;
				CLANG_WARN_NON_LITERAL_NULL_CONVERSION = YES;
				CLANG_WARN_OBJC_IMPLICIT_RETAIN_SELF = YES;
				CLANG_WARN_OBJC_LITERAL_CONVERSION = YES;
				CLANG_WARN_OBJC_ROOT_CLASS = YES_ERROR;
				CLANG_WARN_QUOTED_INCLUDE_IN_FRAMEWORK_HEADER = YES;
				CLANG_WARN_RANGE_LOOP_ANALYSIS = YES;
				CLANG_WARN_STRICT_PROTOTYPES = YES;
				CLANG_WARN_SUSPICIOUS_MOVE = YES;
				CLANG_WARN_UNGUARDED_AVAILABILITY = YES_AGGRESSIVE;
				CLANG_WARN_UNREACHABLE_CODE = YES;
				CLANG_WARN__DUPLICATE_METHOD_MATCH = YES;
				COPY_PHASE_STRIP = NO;
				DEBUG_INFORMATION_FORMAT = "dwarf-with-dsym";
				ENABLE_NS_ASSERTIONS = NO;
				ENABLE_STRICT_OBJC_MSGSEND = YES;
				GCC_C_LANGUAGE_STANDARD = gnu11;
				GCC_NO_COMMON_BLOCKS = YES;
				GCC_WARN_64_TO_32_BIT_CONVERSION = YES;
				GCC_WARN_ABOUT_RETURN_TYPE = YES_ERROR;
				GCC_WARN_UNDECLARED_SELECTOR = YES;
				GCC_WARN_UNINITIALIZED_AUTOS = YES_AGGRESSIVE;
				GCC_WARN_UNUSED_FUNCTION = YES;
				GCC_WARN_UNUSED_VARIABLE = YES;
				IPHONEOS_DEPLOYMENT_TARGET = 15.2;
				MTL_ENABLE_DEBUG_INFO = NO;
				MTL_FAST_MATH = YES;
				SDKROOT = iphoneos;
				SWIFT_COMPILATION_MODE = wholemodule;
				SWIFT_OPTIMIZATION_LEVEL = "-O";
				VALIDATE_PRODUCT = YES;
			};
			name = Release;
		};
		923087222778A2960059FF69 /* Debug */ = {
			isa = XCBuildConfiguration;
			buildSettings = {
				ASSETCATALOG_COMPILER_APPICON_NAME = AppIcon;
				ASSETCATALOG_COMPILER_GLOBAL_ACCENT_COLOR_NAME = AccentColor;
				CODE_SIGN_STYLE = Automatic;
				CURRENT_PROJECT_VERSION = 1;
				DEVELOPMENT_TEAM = 4QG3GC35LA;
				GENERATE_INFOPLIST_FILE = YES;
				INFOPLIST_FILE = TendencyTest/Info.plist;
				INFOPLIST_KEY_UIApplicationSupportsIndirectInputEvents = YES;
				INFOPLIST_KEY_UILaunchStoryboardName = LaunchScreen;
				INFOPLIST_KEY_UIMainStoryboardFile = Main;
				INFOPLIST_KEY_UISupportedInterfaceOrientations_iPad = "UIInterfaceOrientationPortrait UIInterfaceOrientationPortraitUpsideDown UIInterfaceOrientationLandscapeLeft UIInterfaceOrientationLandscapeRight";
				INFOPLIST_KEY_UISupportedInterfaceOrientations_iPhone = "UIInterfaceOrientationPortrait UIInterfaceOrientationLandscapeLeft UIInterfaceOrientationLandscapeRight";
				LD_RUNPATH_SEARCH_PATHS = (
					"$(inherited)",
					"@executable_path/Frameworks",
				);
				MARKETING_VERSION = 1.0;
				PRODUCT_BUNDLE_IDENTIFIER = soyeon.TendencyTest;
				PRODUCT_NAME = "$(TARGET_NAME)";
				SWIFT_EMIT_LOC_STRINGS = YES;
				SWIFT_VERSION = 5.0;
				TARGETED_DEVICE_FAMILY = "1,2";
			};
			name = Debug;
		};
		923087232778A2960059FF69 /* Release */ = {
			isa = XCBuildConfiguration;
			buildSettings = {
				ASSETCATALOG_COMPILER_APPICON_NAME = AppIcon;
				ASSETCATALOG_COMPILER_GLOBAL_ACCENT_COLOR_NAME = AccentColor;
				CODE_SIGN_STYLE = Automatic;
				CURRENT_PROJECT_VERSION = 1;
				DEVELOPMENT_TEAM = 4QG3GC35LA;
				GENERATE_INFOPLIST_FILE = YES;
				INFOPLIST_FILE = TendencyTest/Info.plist;
				INFOPLIST_KEY_UIApplicationSupportsIndirectInputEvents = YES;
				INFOPLIST_KEY_UILaunchStoryboardName = LaunchScreen;
				INFOPLIST_KEY_UIMainStoryboardFile = Main;
				INFOPLIST_KEY_UISupportedInterfaceOrientations_iPad = "UIInterfaceOrientationPortrait UIInterfaceOrientationPortraitUpsideDown UIInterfaceOrientationLandscapeLeft UIInterfaceOrientationLandscapeRight";
				INFOPLIST_KEY_UISupportedInterfaceOrientations_iPhone = "UIInterfaceOrientationPortrait UIInterfaceOrientationLandscapeLeft UIInterfaceOrientationLandscapeRight";
				LD_RUNPATH_SEARCH_PATHS = (
					"$(inherited)",
					"@executable_path/Frameworks",
				);
				MARKETING_VERSION = 1.0;
				PRODUCT_BUNDLE_IDENTIFIER = soyeon.TendencyTest;
				PRODUCT_NAME = "$(TARGET_NAME)";
				SWIFT_EMIT_LOC_STRINGS = YES;
				SWIFT_VERSION = 5.0;
				TARGETED_DEVICE_FAMILY = "1,2";
			};
			name = Release;
		};
/* End XCBuildConfiguration section */

/* Begin XCConfigurationList section */
		923087082778A2940059FF69 /* Build configuration list for PBXProject "TendencyTest" */ = {
			isa = XCConfigurationList;
			buildConfigurations = (
				9230871F2778A2960059FF69 /* Debug */,
				923087202778A2960059FF69 /* Release */,
			);
			defaultConfigurationIsVisible = 0;
			defaultConfigurationName = Release;
		};
		923087212778A2960059FF69 /* Build configuration list for PBXNativeTarget "TendencyTest" */ = {
			isa = XCConfigurationList;
			buildConfigurations = (
				923087222778A2960059FF69 /* Debug */,
				923087232778A2960059FF69 /* Release */,
			);
			defaultConfigurationIsVisible = 0;
			defaultConfigurationName = Release;
		};
/* End XCConfigurationList section */
	};
	rootObject = 923087052778A2940059FF69 /* Project object */;
}
