// !$*UTF8*$!
{
	archiveVersion = 1;
	classes = {
	};
	objectVersion = 55;
	objects = {

/* Begin PBXBuildFile section */
		9228A1CE2725978D00A3941D /* PrivateInTVC.swift in Sources */ = {isa = PBXBuildFile; fileRef = 9228A1CC2725978D00A3941D /* PrivateInTVC.swift */; };
		9228A1CF2725978D00A3941D /* PrivateInTVC.xib in Resources */ = {isa = PBXBuildFile; fileRef = 9228A1CD2725978D00A3941D /* PrivateInTVC.xib */; };
		92572C292720710300719D54 /* CreateThunderVC.swift in Sources */ = {isa = PBXBuildFile; fileRef = 92572C282720710300719D54 /* CreateThunderVC.swift */; };
		927EEEB8271ED7FE00643DBE /* PublicTVC.swift in Sources */ = {isa = PBXBuildFile; fileRef = 927EEEB6271ED7FE00643DBE /* PublicTVC.swift */; };
		927EEEB9271ED7FE00643DBE /* PublicTVC.xib in Resources */ = {isa = PBXBuildFile; fileRef = 927EEEB7271ED7FE00643DBE /* PublicTVC.xib */; };
		927EEEBB271ED9D700643DBE /* CALayer+.swift in Sources */ = {isa = PBXBuildFile; fileRef = 927EEEBA271ED9D700643DBE /* CALayer+.swift */; };
		9296D3C0271D5BC8001B59EB /* AppDelegate.swift in Sources */ = {isa = PBXBuildFile; fileRef = 9296D3BF271D5BC8001B59EB /* AppDelegate.swift */; };
		9296D3C2271D5BC8001B59EB /* SceneDelegate.swift in Sources */ = {isa = PBXBuildFile; fileRef = 9296D3C1271D5BC8001B59EB /* SceneDelegate.swift */; };
		9296D3C4271D5BC8001B59EB /* MainVC.swift in Sources */ = {isa = PBXBuildFile; fileRef = 9296D3C3271D5BC8001B59EB /* MainVC.swift */; };
		9296D3C7271D5BC8001B59EB /* Main.storyboard in Resources */ = {isa = PBXBuildFile; fileRef = 9296D3C5271D5BC8001B59EB /* Main.storyboard */; };
		9296D3C9271D5BCA001B59EB /* Assets.xcassets in Resources */ = {isa = PBXBuildFile; fileRef = 9296D3C8271D5BCA001B59EB /* Assets.xcassets */; };
		9296D3CC271D5BCA001B59EB /* LaunchScreen.storyboard in Resources */ = {isa = PBXBuildFile; fileRef = 9296D3CA271D5BCA001B59EB /* LaunchScreen.storyboard */; };
		9296D3D5271D5CF4001B59EB /* PrivateTVC.swift in Sources */ = {isa = PBXBuildFile; fileRef = 9296D3D3271D5CF4001B59EB /* PrivateTVC.swift */; };
		9296D3D6271D5CF4001B59EB /* PrivateTVC.xib in Resources */ = {isa = PBXBuildFile; fileRef = 9296D3D4271D5CF4001B59EB /* PrivateTVC.xib */; };
		9296D3D8271D5DB0001B59EB /* TabBarController.swift in Sources */ = {isa = PBXBuildFile; fileRef = 9296D3D7271D5DB0001B59EB /* TabBarController.swift */; };
		9296D3DA271D5E69001B59EB /* NaviController.swift in Sources */ = {isa = PBXBuildFile; fileRef = 9296D3D9271D5E69001B59EB /* NaviController.swift */; };
		929C1A922727F81900741622 /* GroupListVC.swift in Sources */ = {isa = PBXBuildFile; fileRef = 929C1A912727F81900741622 /* GroupListVC.swift */; };
		929C1A972727FCDB00741622 /* CellDelegate.swift in Sources */ = {isa = PBXBuildFile; fileRef = 929C1A962727FCDB00741622 /* CellDelegate.swift */; };
		92B6B42627252B330066A06B /* PrivateCVC.swift in Sources */ = {isa = PBXBuildFile; fileRef = 92B6B42427252B330066A06B /* PrivateCVC.swift */; };
		92B6B42727252B330066A06B /* PrivateCVC.xib in Resources */ = {isa = PBXBuildFile; fileRef = 92B6B42527252B330066A06B /* PrivateCVC.xib */; };
		92D5C7EA2736724100F07EE5 /* OtherVC.swift in Sources */ = {isa = PBXBuildFile; fileRef = 92D5C7E92736724100F07EE5 /* OtherVC.swift */; };
		92D5C7EC273675D100F07EE5 /* UIView+.swift in Sources */ = {isa = PBXBuildFile; fileRef = 92D5C7EB273675D100F07EE5 /* UIView+.swift */; };
/* End PBXBuildFile section */

/* Begin PBXFileReference section */
		9228A1CC2725978D00A3941D /* PrivateInTVC.swift */ = {isa = PBXFileReference; lastKnownFileType = sourcecode.swift; path = PrivateInTVC.swift; sourceTree = "<group>"; };
		9228A1CD2725978D00A3941D /* PrivateInTVC.xib */ = {isa = PBXFileReference; lastKnownFileType = file.xib; path = PrivateInTVC.xib; sourceTree = "<group>"; };
		92572C282720710300719D54 /* CreateThunderVC.swift */ = {isa = PBXFileReference; lastKnownFileType = sourcecode.swift; path = CreateThunderVC.swift; sourceTree = "<group>"; };
		927EEEB6271ED7FE00643DBE /* PublicTVC.swift */ = {isa = PBXFileReference; lastKnownFileType = sourcecode.swift; path = PublicTVC.swift; sourceTree = "<group>"; };
		927EEEB7271ED7FE00643DBE /* PublicTVC.xib */ = {isa = PBXFileReference; lastKnownFileType = file.xib; path = PublicTVC.xib; sourceTree = "<group>"; };
		927EEEBA271ED9D700643DBE /* CALayer+.swift */ = {isa = PBXFileReference; lastKnownFileType = sourcecode.swift; path = "CALayer+.swift"; sourceTree = "<group>"; };
		9296D3BC271D5BC8001B59EB /* Main.app */ = {isa = PBXFileReference; explicitFileType = wrapper.application; includeInIndex = 0; path = Main.app; sourceTree = BUILT_PRODUCTS_DIR; };
		9296D3BF271D5BC8001B59EB /* AppDelegate.swift */ = {isa = PBXFileReference; lastKnownFileType = sourcecode.swift; path = AppDelegate.swift; sourceTree = "<group>"; };
		9296D3C1271D5BC8001B59EB /* SceneDelegate.swift */ = {isa = PBXFileReference; lastKnownFileType = sourcecode.swift; path = SceneDelegate.swift; sourceTree = "<group>"; };
		9296D3C3271D5BC8001B59EB /* MainVC.swift */ = {isa = PBXFileReference; lastKnownFileType = sourcecode.swift; path = MainVC.swift; sourceTree = "<group>"; };
		9296D3C6271D5BC8001B59EB /* Base */ = {isa = PBXFileReference; lastKnownFileType = file.storyboard; name = Base; path = Base.lproj/Main.storyboard; sourceTree = "<group>"; };
		9296D3C8271D5BCA001B59EB /* Assets.xcassets */ = {isa = PBXFileReference; lastKnownFileType = folder.assetcatalog; path = Assets.xcassets; sourceTree = "<group>"; };
		9296D3CB271D5BCA001B59EB /* Base */ = {isa = PBXFileReference; lastKnownFileType = file.storyboard; name = Base; path = Base.lproj/LaunchScreen.storyboard; sourceTree = "<group>"; };
		9296D3CD271D5BCA001B59EB /* Info.plist */ = {isa = PBXFileReference; lastKnownFileType = text.plist.xml; path = Info.plist; sourceTree = "<group>"; };
		9296D3D3271D5CF4001B59EB /* PrivateTVC.swift */ = {isa = PBXFileReference; lastKnownFileType = sourcecode.swift; path = PrivateTVC.swift; sourceTree = "<group>"; };
		9296D3D4271D5CF4001B59EB /* PrivateTVC.xib */ = {isa = PBXFileReference; lastKnownFileType = file.xib; path = PrivateTVC.xib; sourceTree = "<group>"; };
		9296D3D7271D5DB0001B59EB /* TabBarController.swift */ = {isa = PBXFileReference; lastKnownFileType = sourcecode.swift; path = TabBarController.swift; sourceTree = "<group>"; };
		9296D3D9271D5E69001B59EB /* NaviController.swift */ = {isa = PBXFileReference; lastKnownFileType = sourcecode.swift; path = NaviController.swift; sourceTree = "<group>"; };
		929C1A912727F81900741622 /* GroupListVC.swift */ = {isa = PBXFileReference; lastKnownFileType = sourcecode.swift; path = GroupListVC.swift; sourceTree = "<group>"; };
		929C1A962727FCDB00741622 /* CellDelegate.swift */ = {isa = PBXFileReference; lastKnownFileType = sourcecode.swift; path = CellDelegate.swift; sourceTree = "<group>"; };
		92B6B42427252B330066A06B /* PrivateCVC.swift */ = {isa = PBXFileReference; lastKnownFileType = sourcecode.swift; path = PrivateCVC.swift; sourceTree = "<group>"; };
		92B6B42527252B330066A06B /* PrivateCVC.xib */ = {isa = PBXFileReference; lastKnownFileType = file.xib; path = PrivateCVC.xib; sourceTree = "<group>"; };
		92D5C7E92736724100F07EE5 /* OtherVC.swift */ = {isa = PBXFileReference; lastKnownFileType = sourcecode.swift; path = OtherVC.swift; sourceTree = "<group>"; };
		92D5C7EB273675D100F07EE5 /* UIView+.swift */ = {isa = PBXFileReference; lastKnownFileType = sourcecode.swift; path = "UIView+.swift"; sourceTree = "<group>"; };
/* End PBXFileReference section */

/* Begin PBXFrameworksBuildPhase section */
		9296D3B9271D5BC8001B59EB /* Frameworks */ = {
			isa = PBXFrameworksBuildPhase;
			buildActionMask = 2147483647;
			files = (
			);
			runOnlyForDeploymentPostprocessing = 0;
		};
/* End PBXFrameworksBuildPhase section */

/* Begin PBXGroup section */
		9296D3B3271D5BC8001B59EB = {
			isa = PBXGroup;
			children = (
				9296D3BE271D5BC8001B59EB /* Main */,
				9296D3BD271D5BC8001B59EB /* Products */,
			);
			sourceTree = "<group>";
		};
		9296D3BD271D5BC8001B59EB /* Products */ = {
			isa = PBXGroup;
			children = (
				9296D3BC271D5BC8001B59EB /* Main.app */,
			);
			name = Products;
			sourceTree = "<group>";
		};
		9296D3BE271D5BC8001B59EB /* Main */ = {
			isa = PBXGroup;
			children = (
				9296D3CD271D5BCA001B59EB /* Info.plist */,
				92B6B42D27252D2A0066A06B /* Global */,
				92B6B42927252CD40066A06B /* Sources */,
				92B6B42827252CCC0066A06B /* Resources */,
			);
			path = Main;
			sourceTree = "<group>";
		};
		929C1A902727F7FA00741622 /* GroupList */ = {
			isa = PBXGroup;
			children = (
				929C1A912727F81900741622 /* GroupListVC.swift */,
			);
			path = GroupList;
			sourceTree = "<group>";
		};
		929C1A952727FCBE00741622 /* Classes */ = {
			isa = PBXGroup;
			children = (
				929C1A962727FCDB00741622 /* CellDelegate.swift */,
			);
			path = Classes;
			sourceTree = "<group>";
		};
		92B6B42827252CCC0066A06B /* Resources */ = {
			isa = PBXGroup;
			children = (
				9296D3CA271D5BCA001B59EB /* LaunchScreen.storyboard */,
				9296D3C8271D5BCA001B59EB /* Assets.xcassets */,
				92B6B42A27252CEB0066A06B /* Storyboards */,
			);
			path = Resources;
			sourceTree = "<group>";
		};
		92B6B42927252CD40066A06B /* Sources */ = {
			isa = PBXGroup;
			children = (
				9296D3D7271D5DB0001B59EB /* TabBarController.swift */,
				9296D3D9271D5E69001B59EB /* NaviController.swift */,
				92D5C7E92736724100F07EE5 /* OtherVC.swift */,
				929C1A902727F7FA00741622 /* GroupList */,
				92B6B43427252E1E0066A06B /* CreateThunder */,
				92B6B42B27252D050066A06B /* Main */,
			);
			path = Sources;
			sourceTree = "<group>";
		};
		92B6B42A27252CEB0066A06B /* Storyboards */ = {
			isa = PBXGroup;
			children = (
				92B6B42C27252D0B0066A06B /* Main */,
			);
			path = Storyboards;
			sourceTree = "<group>";
		};
		92B6B42B27252D050066A06B /* Main */ = {
			isa = PBXGroup;
			children = (
				92B6B43027252D720066A06B /* Cells */,
				92B6B42F27252D680066A06B /* VCs */,
			);
			path = Main;
			sourceTree = "<group>";
		};
		92B6B42C27252D0B0066A06B /* Main */ = {
			isa = PBXGroup;
			children = (
				9296D3C5271D5BC8001B59EB /* Main.storyboard */,
			);
			path = Main;
			sourceTree = "<group>";
		};
		92B6B42D27252D2A0066A06B /* Global */ = {
			isa = PBXGroup;
			children = (
				929C1A952727FCBE00741622 /* Classes */,
				92B6B43327252DE90066A06B /* Extensions */,
				92B6B42E27252D340066A06B /* Supports */,
			);
			path = Global;
			sourceTree = "<group>";
		};
		92B6B42E27252D340066A06B /* Supports */ = {
			isa = PBXGroup;
			children = (
				9296D3BF271D5BC8001B59EB /* AppDelegate.swift */,
				9296D3C1271D5BC8001B59EB /* SceneDelegate.swift */,
			);
			path = Supports;
			sourceTree = "<group>";
		};
		92B6B42F27252D680066A06B /* VCs */ = {
			isa = PBXGroup;
			children = (
				9296D3C3271D5BC8001B59EB /* MainVC.swift */,
			);
			path = VCs;
			sourceTree = "<group>";
		};
		92B6B43027252D720066A06B /* Cells */ = {
			isa = PBXGroup;
			children = (
				92B6B43227252D940066A06B /* CVC */,
				92B6B43127252D8C0066A06B /* TVC */,
			);
			path = Cells;
			sourceTree = "<group>";
		};
		92B6B43127252D8C0066A06B /* TVC */ = {
			isa = PBXGroup;
			children = (
				9296D3D3271D5CF4001B59EB /* PrivateTVC.swift */,
				9296D3D4271D5CF4001B59EB /* PrivateTVC.xib */,
				927EEEB6271ED7FE00643DBE /* PublicTVC.swift */,
				927EEEB7271ED7FE00643DBE /* PublicTVC.xib */,
				9228A1CC2725978D00A3941D /* PrivateInTVC.swift */,
				9228A1CD2725978D00A3941D /* PrivateInTVC.xib */,
			);
			path = TVC;
			sourceTree = "<group>";
		};
		92B6B43227252D940066A06B /* CVC */ = {
			isa = PBXGroup;
			children = (
				92B6B42427252B330066A06B /* PrivateCVC.swift */,
				92B6B42527252B330066A06B /* PrivateCVC.xib */,
			);
			path = CVC;
			sourceTree = "<group>";
		};
		92B6B43327252DE90066A06B /* Extensions */ = {
			isa = PBXGroup;
			children = (
				927EEEBA271ED9D700643DBE /* CALayer+.swift */,
				92D5C7EB273675D100F07EE5 /* UIView+.swift */,
			);
			path = Extensions;
			sourceTree = "<group>";
		};
		92B6B43427252E1E0066A06B /* CreateThunder */ = {
			isa = PBXGroup;
			children = (
				92572C282720710300719D54 /* CreateThunderVC.swift */,
			);
			path = CreateThunder;
			sourceTree = "<group>";
		};
/* End PBXGroup section */

/* Begin PBXNativeTarget section */
		9296D3BB271D5BC8001B59EB /* Main */ = {
			isa = PBXNativeTarget;
			buildConfigurationList = 9296D3D0271D5BCA001B59EB /* Build configuration list for PBXNativeTarget "Main" */;
			buildPhases = (
				9296D3B8271D5BC8001B59EB /* Sources */,
				9296D3B9271D5BC8001B59EB /* Frameworks */,
				9296D3BA271D5BC8001B59EB /* Resources */,
			);
			buildRules = (
			);
			dependencies = (
			);
			name = Main;
			productName = Main;
			productReference = 9296D3BC271D5BC8001B59EB /* Main.app */;
			productType = "com.apple.product-type.application";
		};
/* End PBXNativeTarget section */

/* Begin PBXProject section */
		9296D3B4271D5BC8001B59EB /* Project object */ = {
			isa = PBXProject;
			attributes = {
				BuildIndependentTargetsInParallel = 1;
				LastSwiftUpdateCheck = 1300;
				LastUpgradeCheck = 1300;
				TargetAttributes = {
					9296D3BB271D5BC8001B59EB = {
						CreatedOnToolsVersion = 13.0;
					};
				};
			};
			buildConfigurationList = 9296D3B7271D5BC8001B59EB /* Build configuration list for PBXProject "Main" */;
			compatibilityVersion = "Xcode 13.0";
			developmentRegion = en;
			hasScannedForEncodings = 0;
			knownRegions = (
				en,
				Base,
			);
			mainGroup = 9296D3B3271D5BC8001B59EB;
			productRefGroup = 9296D3BD271D5BC8001B59EB /* Products */;
			projectDirPath = "";
			projectRoot = "";
			targets = (
				9296D3BB271D5BC8001B59EB /* Main */,
			);
		};
/* End PBXProject section */

/* Begin PBXResourcesBuildPhase section */
		9296D3BA271D5BC8001B59EB /* Resources */ = {
			isa = PBXResourcesBuildPhase;
			buildActionMask = 2147483647;
			files = (
				92B6B42727252B330066A06B /* PrivateCVC.xib in Resources */,
				9296D3CC271D5BCA001B59EB /* LaunchScreen.storyboard in Resources */,
				9228A1CF2725978D00A3941D /* PrivateInTVC.xib in Resources */,
				927EEEB9271ED7FE00643DBE /* PublicTVC.xib in Resources */,
				9296D3C9271D5BCA001B59EB /* Assets.xcassets in Resources */,
				9296D3C7271D5BC8001B59EB /* Main.storyboard in Resources */,
				9296D3D6271D5CF4001B59EB /* PrivateTVC.xib in Resources */,
			);
			runOnlyForDeploymentPostprocessing = 0;
		};
/* End PBXResourcesBuildPhase section */

/* Begin PBXSourcesBuildPhase section */
		9296D3B8271D5BC8001B59EB /* Sources */ = {
			isa = PBXSourcesBuildPhase;
			buildActionMask = 2147483647;
			files = (
				92B6B42627252B330066A06B /* PrivateCVC.swift in Sources */,
				9296D3C4271D5BC8001B59EB /* MainVC.swift in Sources */,
				927EEEB8271ED7FE00643DBE /* PublicTVC.swift in Sources */,
				9228A1CE2725978D00A3941D /* PrivateInTVC.swift in Sources */,
				9296D3DA271D5E69001B59EB /* NaviController.swift in Sources */,
				9296D3C0271D5BC8001B59EB /* AppDelegate.swift in Sources */,
				929C1A922727F81900741622 /* GroupListVC.swift in Sources */,
				92D5C7EA2736724100F07EE5 /* OtherVC.swift in Sources */,
				92572C292720710300719D54 /* CreateThunderVC.swift in Sources */,
				9296D3C2271D5BC8001B59EB /* SceneDelegate.swift in Sources */,
				92D5C7EC273675D100F07EE5 /* UIView+.swift in Sources */,
				927EEEBB271ED9D700643DBE /* CALayer+.swift in Sources */,
				929C1A972727FCDB00741622 /* CellDelegate.swift in Sources */,
				9296D3D8271D5DB0001B59EB /* TabBarController.swift in Sources */,
				9296D3D5271D5CF4001B59EB /* PrivateTVC.swift in Sources */,
			);
			runOnlyForDeploymentPostprocessing = 0;
		};
/* End PBXSourcesBuildPhase section */

/* Begin PBXVariantGroup section */
		9296D3C5271D5BC8001B59EB /* Main.storyboard */ = {
			isa = PBXVariantGroup;
			children = (
				9296D3C6271D5BC8001B59EB /* Base */,
			);
			name = Main.storyboard;
			sourceTree = "<group>";
		};
		9296D3CA271D5BCA001B59EB /* LaunchScreen.storyboard */ = {
			isa = PBXVariantGroup;
			children = (
				9296D3CB271D5BCA001B59EB /* Base */,
			);
			name = LaunchScreen.storyboard;
			sourceTree = "<group>";
		};
/* End PBXVariantGroup section */

/* Begin XCBuildConfiguration section */
		9296D3CE271D5BCA001B59EB /* Debug */ = {
			isa = XCBuildConfiguration;
			buildSettings = {
				ALWAYS_SEARCH_USER_PATHS = NO;
				CLANG_ANALYZER_NONNULL = YES;
				CLANG_ANALYZER_NUMBER_OBJECT_CONVERSION = YES_AGGRESSIVE;
				CLANG_CXX_LANGUAGE_STANDARD = "gnu++17";
				CLANG_CXX_LIBRARY = "libc++";
				CLANG_ENABLE_MODULES = YES;
				CLANG_ENABLE_OBJC_ARC = YES;
				CLANG_ENABLE_OBJC_WEAK = YES;
				CLANG_WARN_BLOCK_CAPTURE_AUTORELEASING = YES;
				CLANG_WARN_BOOL_CONVERSION = YES;
				CLANG_WARN_COMMA = YES;
				CLANG_WARN_CONSTANT_CONVERSION = YES;
				CLANG_WARN_DEPRECATED_OBJC_IMPLEMENTATIONS = YES;
				CLANG_WARN_DIRECT_OBJC_ISA_USAGE = YES_ERROR;
				CLANG_WARN_DOCUMENTATION_COMMENTS = YES;
				CLANG_WARN_EMPTY_BODY = YES;
				CLANG_WARN_ENUM_CONVERSION = YES;
				CLANG_WARN_INFINITE_RECURSION = YES;
				CLANG_WARN_INT_CONVERSION = YES;
				CLANG_WARN_NON_LITERAL_NULL_CONVERSION = YES;
				CLANG_WARN_OBJC_IMPLICIT_RETAIN_SELF = YES;
				CLANG_WARN_OBJC_LITERAL_CONVERSION = YES;
				CLANG_WARN_OBJC_ROOT_CLASS = YES_ERROR;
				CLANG_WARN_QUOTED_INCLUDE_IN_FRAMEWORK_HEADER = YES;
				CLANG_WARN_RANGE_LOOP_ANALYSIS = YES;
				CLANG_WARN_STRICT_PROTOTYPES = YES;
				CLANG_WARN_SUSPICIOUS_MOVE = YES;
				CLANG_WARN_UNGUARDED_AVAILABILITY = YES_AGGRESSIVE;
				CLANG_WARN_UNREACHABLE_CODE = YES;
				CLANG_WARN__DUPLICATE_METHOD_MATCH = YES;
				COPY_PHASE_STRIP = NO;
				DEBUG_INFORMATION_FORMAT = dwarf;
				ENABLE_STRICT_OBJC_MSGSEND = YES;
				ENABLE_TESTABILITY = YES;
				GCC_C_LANGUAGE_STANDARD = gnu11;
				GCC_DYNAMIC_NO_PIC = NO;
				GCC_NO_COMMON_BLOCKS = YES;
				GCC_OPTIMIZATION_LEVEL = 0;
				GCC_PREPROCESSOR_DEFINITIONS = (
					"DEBUG=1",
					"$(inherited)",
				);
				GCC_WARN_64_TO_32_BIT_CONVERSION = YES;
				GCC_WARN_ABOUT_RETURN_TYPE = YES_ERROR;
				GCC_WARN_UNDECLARED_SELECTOR = YES;
				GCC_WARN_UNINITIALIZED_AUTOS = YES_AGGRESSIVE;
				GCC_WARN_UNUSED_FUNCTION = YES;
				GCC_WARN_UNUSED_VARIABLE = YES;
				IPHONEOS_DEPLOYMENT_TARGET = 15.0;
				MTL_ENABLE_DEBUG_INFO = INCLUDE_SOURCE;
				MTL_FAST_MATH = YES;
				ONLY_ACTIVE_ARCH = YES;
				SDKROOT = iphoneos;
				SWIFT_ACTIVE_COMPILATION_CONDITIONS = DEBUG;
				SWIFT_OPTIMIZATION_LEVEL = "-Onone";
			};
			name = Debug;
		};
		9296D3CF271D5BCA001B59EB /* Release */ = {
			isa = XCBuildConfiguration;
			buildSettings = {
				ALWAYS_SEARCH_USER_PATHS = NO;
				CLANG_ANALYZER_NONNULL = YES;
				CLANG_ANALYZER_NUMBER_OBJECT_CONVERSION = YES_AGGRESSIVE;
				CLANG_CXX_LANGUAGE_STANDARD = "gnu++17";
				CLANG_CXX_LIBRARY = "libc++";
				CLANG_ENABLE_MODULES = YES;
				CLANG_ENABLE_OBJC_ARC = YES;
				CLANG_ENABLE_OBJC_WEAK = YES;
				CLANG_WARN_BLOCK_CAPTURE_AUTORELEASING = YES;
				CLANG_WARN_BOOL_CONVERSION = YES;
				CLANG_WARN_COMMA = YES;
				CLANG_WARN_CONSTANT_CONVERSION = YES;
				CLANG_WARN_DEPRECATED_OBJC_IMPLEMENTATIONS = YES;
				CLANG_WARN_DIRECT_OBJC_ISA_USAGE = YES_ERROR;
				CLANG_WARN_DOCUMENTATION_COMMENTS = YES;
				CLANG_WARN_EMPTY_BODY = YES;
				CLANG_WARN_ENUM_CONVERSION = YES;
				CLANG_WARN_INFINITE_RECURSION = YES;
				CLANG_WARN_INT_CONVERSION = YES;
				CLANG_WARN_NON_LITERAL_NULL_CONVERSION = YES;
				CLANG_WARN_OBJC_IMPLICIT_RETAIN_SELF = YES;
				CLANG_WARN_OBJC_LITERAL_CONVERSION = YES;
				CLANG_WARN_OBJC_ROOT_CLASS = YES_ERROR;
				CLANG_WARN_QUOTED_INCLUDE_IN_FRAMEWORK_HEADER = YES;
				CLANG_WARN_RANGE_LOOP_ANALYSIS = YES;
				CLANG_WARN_STRICT_PROTOTYPES = YES;
				CLANG_WARN_SUSPICIOUS_MOVE = YES;
				CLANG_WARN_UNGUARDED_AVAILABILITY = YES_AGGRESSIVE;
				CLANG_WARN_UNREACHABLE_CODE = YES;
				CLANG_WARN__DUPLICATE_METHOD_MATCH = YES;
				COPY_PHASE_STRIP = NO;
				DEBUG_INFORMATION_FORMAT = "dwarf-with-dsym";
				ENABLE_NS_ASSERTIONS = NO;
				ENABLE_STRICT_OBJC_MSGSEND = YES;
				GCC_C_LANGUAGE_STANDARD = gnu11;
				GCC_NO_COMMON_BLOCKS = YES;
				GCC_WARN_64_TO_32_BIT_CONVERSION = YES;
				GCC_WARN_ABOUT_RETURN_TYPE = YES_ERROR;
				GCC_WARN_UNDECLARED_SELECTOR = YES;
				GCC_WARN_UNINITIALIZED_AUTOS = YES_AGGRESSIVE;
				GCC_WARN_UNUSED_FUNCTION = YES;
				GCC_WARN_UNUSED_VARIABLE = YES;
				IPHONEOS_DEPLOYMENT_TARGET = 15.0;
				MTL_ENABLE_DEBUG_INFO = NO;
				MTL_FAST_MATH = YES;
				SDKROOT = iphoneos;
				SWIFT_COMPILATION_MODE = wholemodule;
				SWIFT_OPTIMIZATION_LEVEL = "-O";
				VALIDATE_PRODUCT = YES;
			};
			name = Release;
		};
		9296D3D1271D5BCA001B59EB /* Debug */ = {
			isa = XCBuildConfiguration;
			buildSettings = {
				ASSETCATALOG_COMPILER_APPICON_NAME = AppIcon;
				ASSETCATALOG_COMPILER_GLOBAL_ACCENT_COLOR_NAME = AccentColor;
				CODE_SIGN_STYLE = Automatic;
				CURRENT_PROJECT_VERSION = 1;
				DEVELOPMENT_TEAM = 4QG3GC35LA;
				GENERATE_INFOPLIST_FILE = YES;
				INFOPLIST_FILE = Main/Info.plist;
				INFOPLIST_KEY_UIApplicationSupportsIndirectInputEvents = YES;
				INFOPLIST_KEY_UILaunchStoryboardName = LaunchScreen;
				INFOPLIST_KEY_UIMainStoryboardFile = Main;
				INFOPLIST_KEY_UISupportedInterfaceOrientations_iPad = "UIInterfaceOrientationPortrait UIInterfaceOrientationPortraitUpsideDown UIInterfaceOrientationLandscapeLeft UIInterfaceOrientationLandscapeRight";
				INFOPLIST_KEY_UISupportedInterfaceOrientations_iPhone = "UIInterfaceOrientationPortrait UIInterfaceOrientationLandscapeLeft UIInterfaceOrientationLandscapeRight";
				LD_RUNPATH_SEARCH_PATHS = (
					"$(inherited)",
					"@executable_path/Frameworks",
				);
				MARKETING_VERSION = 1.0;
				PRODUCT_BUNDLE_IDENTIFIER = soyeon.Main;
				PRODUCT_NAME = "$(TARGET_NAME)";
				SWIFT_EMIT_LOC_STRINGS = YES;
				SWIFT_VERSION = 5.0;
				TARGETED_DEVICE_FAMILY = "1,2";
			};
			name = Debug;
		};
		9296D3D2271D5BCA001B59EB /* Release */ = {
			isa = XCBuildConfiguration;
			buildSettings = {
				ASSETCATALOG_COMPILER_APPICON_NAME = AppIcon;
				ASSETCATALOG_COMPILER_GLOBAL_ACCENT_COLOR_NAME = AccentColor;
				CODE_SIGN_STYLE = Automatic;
				CURRENT_PROJECT_VERSION = 1;
				DEVELOPMENT_TEAM = 4QG3GC35LA;
				GENERATE_INFOPLIST_FILE = YES;
				INFOPLIST_FILE = Main/Info.plist;
				INFOPLIST_KEY_UIApplicationSupportsIndirectInputEvents = YES;
				INFOPLIST_KEY_UILaunchStoryboardName = LaunchScreen;
				INFOPLIST_KEY_UIMainStoryboardFile = Main;
				INFOPLIST_KEY_UISupportedInterfaceOrientations_iPad = "UIInterfaceOrientationPortrait UIInterfaceOrientationPortraitUpsideDown UIInterfaceOrientationLandscapeLeft UIInterfaceOrientationLandscapeRight";
				INFOPLIST_KEY_UISupportedInterfaceOrientations_iPhone = "UIInterfaceOrientationPortrait UIInterfaceOrientationLandscapeLeft UIInterfaceOrientationLandscapeRight";
				LD_RUNPATH_SEARCH_PATHS = (
					"$(inherited)",
					"@executable_path/Frameworks",
				);
				MARKETING_VERSION = 1.0;
				PRODUCT_BUNDLE_IDENTIFIER = soyeon.Main;
				PRODUCT_NAME = "$(TARGET_NAME)";
				SWIFT_EMIT_LOC_STRINGS = YES;
				SWIFT_VERSION = 5.0;
				TARGETED_DEVICE_FAMILY = "1,2";
			};
			name = Release;
		};
/* End XCBuildConfiguration section */

/* Begin XCConfigurationList section */
		9296D3B7271D5BC8001B59EB /* Build configuration list for PBXProject "Main" */ = {
			isa = XCConfigurationList;
			buildConfigurations = (
				9296D3CE271D5BCA001B59EB /* Debug */,
				9296D3CF271D5BCA001B59EB /* Release */,
			);
			defaultConfigurationIsVisible = 0;
			defaultConfigurationName = Release;
		};
		9296D3D0271D5BCA001B59EB /* Build configuration list for PBXNativeTarget "Main" */ = {
			isa = XCConfigurationList;
			buildConfigurations = (
				9296D3D1271D5BCA001B59EB /* Debug */,
				9296D3D2271D5BCA001B59EB /* Release */,
			);
			defaultConfigurationIsVisible = 0;
			defaultConfigurationName = Release;
		};
/* End XCConfigurationList section */
	};
	rootObject = 9296D3B4271D5BC8001B59EB /* Project object */;
}
